
Microsoft Visual Studio Solution File, Format Version 12.00
Project("{2150E333-8FDC-42A3-9474-1A3956D46DE8}") = "Modules", "Modules", "{B0FFE5E7-12DA-4272-BB79-4040A7B5457C}"
	ProjectSection(SolutionItems) = preProject
		src\Directory.Build.props = src\Directory.Build.props
		src\Directory.Build.targets = src\Directory.Build.targets
	EndProjectSection
EndProject
Project("{2150E333-8FDC-42A3-9474-1A3956D46DE8}") = "Tests", "Tests", "{CC278C95-212D-46D5-9E4D-3B36AB4B49D1}"
	ProjectSection(SolutionItems) = preProject
		tests\Directory.Build.props = tests\Directory.Build.props
	EndProjectSection
EndProject
Project("{2150E333-8FDC-42A3-9474-1A3956D46DE8}") = "Samples", "Samples", "{934F2DC3-B268-48B0-91B0-EC3448DC253B}"
	ProjectSection(SolutionItems) = preProject
		samples\Directory.Build.props = samples\Directory.Build.props
	EndProjectSection
EndProject
Project("{2150E333-8FDC-42A3-9474-1A3956D46DE8}") = "Documentation", "Documentation", "{0395738A-0EA6-4477-9056-434F90199EE4}"
	ProjectSection(SolutionItems) = preProject
		LICENSE = LICENSE
		README.md = README.md
	EndProjectSection
EndProject
Project("{2150E333-8FDC-42A3-9474-1A3956D46DE8}") = "Solution Items", "Solution Items", "{FFB9CCAE-938F-44F6-9AC0-8FD54171FCD7}"
	ProjectSection(SolutionItems) = preProject
		.gitignore = .gitignore
		Directory.Build.props = Directory.Build.props
		global.json = global.json
		icon.png = icon.png
	EndProjectSection
EndProject
Project("{FAE04EC0-301F-11D3-BF4B-00C04F79EFBC}") = "CoreMask.Tests", "tests\CoreMask.Tests\CoreMask.Tests.csproj", "{3807EBF5-26FE-46BE-9723-C28DFDE75B9A}"
EndProject
Project("{FAE04EC0-301F-11D3-BF4B-00C04F79EFBC}") = "CoreMask.App", "src\CoreMask.App\CoreMask.App.csproj", "{9D0AD623-EA7F-42AD-AABE-9A57974F4B90}"
EndProject
Project("{FAE04EC0-301F-11D3-BF4B-00C04F79EFBC}") = "CoreMask", "src\CoreMask\CoreMask.csproj", "{320DA7BA-2122-403D-858C-CF4C5DBE13E2}"
EndProject
Project("{FAE04EC0-301F-11D3-BF4B-00C04F79EFBC}") = "CoreMask.Sample", "samples\CoreMask.Sample\CoreMask.Sample.csproj", "{AF65EFD7-E030-4567-8794-B54E74606C04}"
EndProject
Global
	GlobalSection(SolutionConfigurationPlatforms) = preSolution
		Debug|Any CPU = Debug|Any CPU
		Release|Any CPU = Release|Any CPU
	EndGlobalSection
	GlobalSection(ProjectConfigurationPlatforms) = postSolution
		{9D0AD623-EA7F-42AD-AABE-9A57974F4B90}.Debug|Any CPU.ActiveCfg = Debug|Any CPU
		{9D0AD623-EA7F-42AD-AABE-9A57974F4B90}.Debug|Any CPU.Build.0 = Debug|Any CPU
		{9D0AD623-EA7F-42AD-AABE-9A57974F4B90}.Release|Any CPU.ActiveCfg = Release|Any CPU
		{9D0AD623-EA7F-42AD-AABE-9A57974F4B90}.Release|Any CPU.Build.0 = Release|Any CPU
		{3807EBF5-26FE-46BE-9723-C28DFDE75B9A}.Debug|Any CPU.ActiveCfg = Debug|Any CPU
		{3807EBF5-26FE-46BE-9723-C28DFDE75B9A}.Debug|Any CPU.Build.0 = Debug|Any CPU
		{3807EBF5-26FE-46BE-9723-C28DFDE75B9A}.Release|Any CPU.ActiveCfg = Release|Any CPU
		{3807EBF5-26FE-46BE-9723-C28DFDE75B9A}.Release|Any CPU.Build.0 = Release|Any CPU
		{320DA7BA-2122-403D-858C-CF4C5DBE13E2}.Debug|Any CPU.ActiveCfg = Debug|Any CPU
		{320DA7BA-2122-403D-858C-CF4C5DBE13E2}.Debug|Any CPU.Build.0 = Debug|Any CPU
		{320DA7BA-2122-403D-858C-CF4C5DBE13E2}.Release|Any CPU.ActiveCfg = Release|Any CPU
		{320DA7BA-2122-403D-858C-CF4C5DBE13E2}.Release|Any CPU.Build.0 = Release|Any CPU
		{AF65EFD7-E030-4567-8794-B54E74606C04}.Debug|Any CPU.ActiveCfg = Debug|Any CPU
		{AF65EFD7-E030-4567-8794-B54E74606C04}.Debug|Any CPU.Build.0 = Debug|Any CPU
		{AF65EFD7-E030-4567-8794-B54E74606C04}.Release|Any CPU.ActiveCfg = Release|Any CPU
		{AF65EFD7-E030-4567-8794-B54E74606C04}.Release|Any CPU.Build.0 = Release|Any CPU
	EndGlobalSection
	GlobalSection(NestedProjects) = preSolution
		{AF65EFD7-E030-4567-8794-B54E74606C04} = {934F2DC3-B268-48B0-91B0-EC3448DC253B}
		{320DA7BA-2122-403D-858C-CF4C5DBE13E2} = {B0FFE5E7-12DA-4272-BB79-4040A7B5457C}
		{9D0AD623-EA7F-42AD-AABE-9A57974F4B90} = {B0FFE5E7-12DA-4272-BB79-4040A7B5457C}
		{3807EBF5-26FE-46BE-9723-C28DFDE75B9A} = {CC278C95-212D-46D5-9E4D-3B36AB4B49D1}
	EndGlobalSection
EndGlobal
